
Microsoft Visual Studio Solution File, Format Version 12.00
# Visual Studio Version 17
VisualStudioVersion = 17.13.35828.75
MinimumVisualStudioVersion = 10.0.40219.1
Project("{2150E333-8FDC-42A3-9474-1A3956D46DE8}") = "Services", "Services", "{02EA681E-C7D8-13C7-8484-4AC65E1B71E8}"
EndProject
Project("{2150E333-8FDC-42A3-9474-1A3956D46DE8}") = "BuildingBlocks", "BuildingBlocks", "{73C7F793-785E-49DE-9201-FF998B0816B1}"
EndProject
Project("{2150E333-8FDC-42A3-9474-1A3956D46DE8}") = "Catalog", "Catalog", "{E8B35D2C-03DB-4E2C-836D-A79B867BCAD1}"
EndProject
Project("{FAE04EC0-301F-11D3-BF4B-00C04F79EFBC}") = "Catalog.API", "Services\Catalog\Catalog.API\Catalog.API.csproj", "{DE1CF28F-461C-4052-A420-D7F477862AC1}"
EndProject
Project("{FAE04EC0-301F-11D3-BF4B-00C04F79EFBC}") = "BuildingBlocks", "BuildingBlocks\BuildingBlocks\BuildingBlocks.csproj", "{79963162-9B2B-40CF-ACC5-352239905044}"
EndProject
Project("{E53339B2-1760-4266-BCC7-CA923CBCF16C}") = "docker-compose", "docker-compose.dcproj", "{81DDED9D-158B-E303-5F62-77A2896D2A5A}"
EndProject
Project("{2150E333-8FDC-42A3-9474-1A3956D46DE8}") = "Basket", "Basket", "{D5D79CEC-E8FF-43DE-9E5F-E691A90BEF29}"
EndProject
Project("{FAE04EC0-301F-11D3-BF4B-00C04F79EFBC}") = "Basket.API", "Services\Basket\Basket.API\Basket.API.csproj", "{F687FA48-C30C-48FB-ACF4-BC317F088264}"
EndProject
Project("{2150E333-8FDC-42A3-9474-1A3956D46DE8}") = "Discount", "Discount", "{323EB79E-D763-4E12-B17A-53766C6F0E77}"
EndProject
Project("{FAE04EC0-301F-11D3-BF4B-00C04F79EFBC}") = "Discount.Grpc", "Services\Discount\Discount.Grpc\Discount.Grpc.csproj", "{41674E1D-CA11-453A-ACC9-CDBD015B0CB0}"
EndProject
Global
	GlobalSection(SolutionConfigurationPlatforms) = preSolution
		Debug|Any CPU = Debug|Any CPU
		Release|Any CPU = Release|Any CPU
	EndGlobalSection
	GlobalSection(ProjectConfigurationPlatforms) = postSolution
		{DE1CF28F-461C-4052-A420-D7F477862AC1}.Debug|Any CPU.ActiveCfg = Debug|Any CPU
		{DE1CF28F-461C-4052-A420-D7F477862AC1}.Debug|Any CPU.Build.0 = Debug|Any CPU
		{DE1CF28F-461C-4052-A420-D7F477862AC1}.Release|Any CPU.ActiveCfg = Release|Any CPU
		{DE1CF28F-461C-4052-A420-D7F477862AC1}.Release|Any CPU.Build.0 = Release|Any CPU
		{79963162-9B2B-40CF-ACC5-352239905044}.Debug|Any CPU.ActiveCfg = Debug|Any CPU
		{79963162-9B2B-40CF-ACC5-352239905044}.Debug|Any CPU.Build.0 = Debug|Any CPU
		{79963162-9B2B-40CF-ACC5-352239905044}.Release|Any CPU.ActiveCfg = Release|Any CPU
		{79963162-9B2B-40CF-ACC5-352239905044}.Release|Any CPU.Build.0 = Release|Any CPU
		{81DDED9D-158B-E303-5F62-77A2896D2A5A}.Debug|Any CPU.ActiveCfg = Debug|Any CPU
		{81DDED9D-158B-E303-5F62-77A2896D2A5A}.Debug|Any CPU.Build.0 = Debug|Any CPU
		{81DDED9D-158B-E303-5F62-77A2896D2A5A}.Release|Any CPU.ActiveCfg = Release|Any CPU
		{81DDED9D-158B-E303-5F62-77A2896D2A5A}.Release|Any CPU.Build.0 = Release|Any CPU
		{F687FA48-C30C-48FB-ACF4-BC317F088264}.Debug|Any CPU.ActiveCfg = Debug|Any CPU
		{F687FA48-C30C-48FB-ACF4-BC317F088264}.Debug|Any CPU.Build.0 = Debug|Any CPU
		{F687FA48-C30C-48FB-ACF4-BC317F088264}.Release|Any CPU.ActiveCfg = Release|Any CPU
		{F687FA48-C30C-48FB-ACF4-BC317F088264}.Release|Any CPU.Build.0 = Release|Any CPU
		{41674E1D-CA11-453A-ACC9-CDBD015B0CB0}.Debug|Any CPU.ActiveCfg = Debug|Any CPU
		{41674E1D-CA11-453A-ACC9-CDBD015B0CB0}.Debug|Any CPU.Build.0 = Debug|Any CPU
		{41674E1D-CA11-453A-ACC9-CDBD015B0CB0}.Release|Any CPU.ActiveCfg = Release|Any CPU
		{41674E1D-CA11-453A-ACC9-CDBD015B0CB0}.Release|Any CPU.Build.0 = Release|Any CPU
	EndGlobalSection
	GlobalSection(SolutionProperties) = preSolution
		HideSolutionNode = FALSE
	EndGlobalSection
	GlobalSection(NestedProjects) = preSolution
		{E8B35D2C-03DB-4E2C-836D-A79B867BCAD1} = {02EA681E-C7D8-13C7-8484-4AC65E1B71E8}
		{DE1CF28F-461C-4052-A420-D7F477862AC1} = {E8B35D2C-03DB-4E2C-836D-A79B867BCAD1}
		{79963162-9B2B-40CF-ACC5-352239905044} = {73C7F793-785E-49DE-9201-FF998B0816B1}
		{D5D79CEC-E8FF-43DE-9E5F-E691A90BEF29} = {02EA681E-C7D8-13C7-8484-4AC65E1B71E8}
		{F687FA48-C30C-48FB-ACF4-BC317F088264} = {D5D79CEC-E8FF-43DE-9E5F-E691A90BEF29}
		{323EB79E-D763-4E12-B17A-53766C6F0E77} = {02EA681E-C7D8-13C7-8484-4AC65E1B71E8}
		{41674E1D-CA11-453A-ACC9-CDBD015B0CB0} = {323EB79E-D763-4E12-B17A-53766C6F0E77}
	EndGlobalSection
	GlobalSection(ExtensibilityGlobals) = postSolution
		SolutionGuid = {781F8058-1CD5-4941-8201-1F297662E2C0}
	EndGlobalSection
EndGlobal
